
Microsoft Visual Studio Solution File, Format Version 12.00
# Visual Studio Version 17
VisualStudioVersion = 17.0.31903.59
MinimumVisualStudioVersion = 10.0.40219.1
Project("{2150E333-8FDC-42A3-9474-1A3956D46DE8}") = "src", "src", "{6F5B523A-FE12-4A8B-9469-4A872DD1E70D}"
EndProject
Project("{2150E333-8FDC-42A3-9474-1A3956D46DE8}") = "Host", "Host", "{C351E840-A3C5-44CF-B483-CE803F7D0932}"
EndProject
Project("{2150E333-8FDC-42A3-9474-1A3956D46DE8}") = "Modules", "Modules", "{A7791AD3-3A5A-418F-8BCA-9FE5E82F7D0E}"
EndProject
Project("{2150E333-8FDC-42A3-9474-1A3956D46DE8}") = "Shared", "Shared", "{252B429F-B37F-421F-A754-9C2485BC9FAA}"
EndProject
Project("{2150E333-8FDC-42A3-9474-1A3956D46DE8}") = "Solution Items", "Solution Items", "{2C762398-9C52-49B6-AD61-A56E447AE45B}"
	ProjectSection(SolutionItems) = preProject
		Directory.Build.props = Directory.Build.props
	EndProjectSection
EndProject
Project("{FAE04EC0-301F-11D3-BF4B-00C04F79EFBC}") = "Estimation.Tool.API", "src\Host\Estimation.Tool.API\Estimation.Tool.API.csproj", "{5FFDF8E5-2DF5-42CA-88C4-9B5D5BCBA4B5}"
EndProject
Project("{2150E333-8FDC-42A3-9474-1A3956D46DE8}") = "DomainDrivenDesign", "DomainDrivenDesign", "{B67C18D5-5F63-40B0-988A-9ED5782565EB}"
EndProject
Project("{FAE04EC0-301F-11D3-BF4B-00C04F79EFBC}") = "Estimation.Tool.Shared.DDD.BuildingBlocks", "src\Shared\Estimation.Tool.Shared.DDD.BuildingBlocks\Estimation.Tool.Shared.DDD.BuildingBlocks.csproj", "{6F49AC82-8D44-4648-B3ED-E18E969B7789}"
EndProject
Global
	GlobalSection(SolutionConfigurationPlatforms) = preSolution
		Debug|Any CPU = Debug|Any CPU
		Release|Any CPU = Release|Any CPU
	EndGlobalSection
	GlobalSection(ProjectConfigurationPlatforms) = postSolution
		{5FFDF8E5-2DF5-42CA-88C4-9B5D5BCBA4B5}.Debug|Any CPU.ActiveCfg = Debug|Any CPU
		{5FFDF8E5-2DF5-42CA-88C4-9B5D5BCBA4B5}.Debug|Any CPU.Build.0 = Debug|Any CPU
		{5FFDF8E5-2DF5-42CA-88C4-9B5D5BCBA4B5}.Release|Any CPU.ActiveCfg = Release|Any CPU
		{5FFDF8E5-2DF5-42CA-88C4-9B5D5BCBA4B5}.Release|Any CPU.Build.0 = Release|Any CPU
		{6F49AC82-8D44-4648-B3ED-E18E969B7789}.Debug|Any CPU.ActiveCfg = Debug|Any CPU
		{6F49AC82-8D44-4648-B3ED-E18E969B7789}.Debug|Any CPU.Build.0 = Debug|Any CPU
		{6F49AC82-8D44-4648-B3ED-E18E969B7789}.Release|Any CPU.ActiveCfg = Release|Any CPU
		{6F49AC82-8D44-4648-B3ED-E18E969B7789}.Release|Any CPU.Build.0 = Release|Any CPU
	EndGlobalSection
	GlobalSection(SolutionProperties) = preSolution
		HideSolutionNode = FALSE
	EndGlobalSection
	GlobalSection(NestedProjects) = preSolution
		{C351E840-A3C5-44CF-B483-CE803F7D0932} = {6F5B523A-FE12-4A8B-9469-4A872DD1E70D}
		{A7791AD3-3A5A-418F-8BCA-9FE5E82F7D0E} = {6F5B523A-FE12-4A8B-9469-4A872DD1E70D}
		{252B429F-B37F-421F-A754-9C2485BC9FAA} = {6F5B523A-FE12-4A8B-9469-4A872DD1E70D}
		{5FFDF8E5-2DF5-42CA-88C4-9B5D5BCBA4B5} = {C351E840-A3C5-44CF-B483-CE803F7D0932}
		{B67C18D5-5F63-40B0-988A-9ED5782565EB} = {252B429F-B37F-421F-A754-9C2485BC9FAA}
		{6F49AC82-8D44-4648-B3ED-E18E969B7789} = {B67C18D5-5F63-40B0-988A-9ED5782565EB}
	EndGlobalSection
	GlobalSection(ExtensibilityGlobals) = postSolution
		SolutionGuid = {53AB6963-6B76-474C-BB48-64A1A48EC2B9}
	EndGlobalSection
EndGlobal
