
Microsoft Visual Studio Solution File, Format Version 12.00
# Visual Studio Version 17
VisualStudioVersion = 17.0.31903.59
MinimumVisualStudioVersion = 10.0.40219.1
Project("{2150E333-8FDC-42A3-9474-1A3956D46DE8}") = "Host", "Host", "{89C7AB6F-5E3C-47C2-89DF-37247FB2613A}"
EndProject
Project("{2150E333-8FDC-42A3-9474-1A3956D46DE8}") = "Modules", "Modules", "{846B2ABB-8211-4A49-9B93-7280DD599645}"
EndProject
Project("{2150E333-8FDC-42A3-9474-1A3956D46DE8}") = "Shared", "Shared", "{E0778505-A928-4FAB-8A6A-3912C24489AF}"
EndProject
Project("{FAE04EC0-301F-11D3-BF4B-00C04F79EFBC}") = "API", "API\API.csproj", "{B7524A27-D578-4BA7-A7E3-8861CEB8D7F1}"
EndProject
Project("{FAE04EC0-301F-11D3-BF4B-00C04F79EFBC}") = "Shared.Infrastructure", "Shared.Infrastructure\Shared.Infrastructure.csproj", "{2F5B9EFF-780C-4217-84C5-05EFF3D1393A}"
EndProject
Global
	GlobalSection(SolutionConfigurationPlatforms) = preSolution
		Debug|Any CPU = Debug|Any CPU
		Release|Any CPU = Release|Any CPU
	EndGlobalSection
	GlobalSection(ProjectConfigurationPlatforms) = postSolution
		{B7524A27-D578-4BA7-A7E3-8861CEB8D7F1}.Debug|Any CPU.ActiveCfg = Debug|Any CPU
		{B7524A27-D578-4BA7-A7E3-8861CEB8D7F1}.Debug|Any CPU.Build.0 = Debug|Any CPU
		{B7524A27-D578-4BA7-A7E3-8861CEB8D7F1}.Release|Any CPU.ActiveCfg = Release|Any CPU
		{B7524A27-D578-4BA7-A7E3-8861CEB8D7F1}.Release|Any CPU.Build.0 = Release|Any CPU
		{2F5B9EFF-780C-4217-84C5-05EFF3D1393A}.Debug|Any CPU.ActiveCfg = Debug|Any CPU
		{2F5B9EFF-780C-4217-84C5-05EFF3D1393A}.Debug|Any CPU.Build.0 = Debug|Any CPU
		{2F5B9EFF-780C-4217-84C5-05EFF3D1393A}.Release|Any CPU.ActiveCfg = Release|Any CPU
		{2F5B9EFF-780C-4217-84C5-05EFF3D1393A}.Release|Any CPU.Build.0 = Release|Any CPU
	EndGlobalSection
	GlobalSection(SolutionProperties) = preSolution
		HideSolutionNode = FALSE
	EndGlobalSection
	GlobalSection(NestedProjects) = preSolution
		{B7524A27-D578-4BA7-A7E3-8861CEB8D7F1} = {89C7AB6F-5E3C-47C2-89DF-37247FB2613A}
		{2F5B9EFF-780C-4217-84C5-05EFF3D1393A} = {E0778505-A928-4FAB-8A6A-3912C24489AF}
	EndGlobalSection
	GlobalSection(ExtensibilityGlobals) = postSolution
		SolutionGuid = {5E7F5ECB-8E65-4A38-AE13-BAEDB9E25AAC}
	EndGlobalSection
EndGlobal
